
Microsoft Visual Studio Solution File, Format Version 12.00
# Visual Studio 14
VisualStudioVersion = 14.0.25420.1
MinimumVisualStudioVersion = 10.0.40219.1
Project("{F184B08F-C81C-45F6-A57F-5ABD9991F28F}") = "GTP", "GWSFTP\GTP.vbproj", "{16F3104D-3DA4-41BA-A354-457F682E4FC0}"
EndProject
Project("{54435603-DBB4-11D2-8724-00A0C9A8B90C}") = "GTPSetup", "GWSFTPSetup\GWSFTPSetup.vdproj", "{73217B69-679E-4878-9D0B-C3913FB1AB1C}"
EndProject
Project("{FAE04EC0-301F-11D3-BF4B-00C04F79EFBC}") = "EncryptDecrypt", "EncryptDecrypt\EncryptDecrypt.csproj", "{A20E1F00-0E2C-4F9E-A6F8-C7A0EBCBCBA8}"
EndProject
Global
	GlobalSection(SolutionConfigurationPlatforms) = preSolution
		Debug|Any CPU = Debug|Any CPU
		Debug|x86 = Debug|x86
		Release|Any CPU = Release|Any CPU
		Release|x86 = Release|x86
	EndGlobalSection
	GlobalSection(ProjectConfigurationPlatforms) = postSolution
		{16F3104D-3DA4-41BA-A354-457F682E4FC0}.Debug|Any CPU.ActiveCfg = Debug|x86
		{16F3104D-3DA4-41BA-A354-457F682E4FC0}.Debug|x86.ActiveCfg = Debug|x86
		{16F3104D-3DA4-41BA-A354-457F682E4FC0}.Debug|x86.Build.0 = Debug|x86
		{16F3104D-3DA4-41BA-A354-457F682E4FC0}.Release|Any CPU.ActiveCfg = Release|x86
		{16F3104D-3DA4-41BA-A354-457F682E4FC0}.Release|x86.ActiveCfg = Release|x86
		{16F3104D-3DA4-41BA-A354-457F682E4FC0}.Release|x86.Build.0 = Release|x86
		{73217B69-679E-4878-9D0B-C3913FB1AB1C}.Debug|Any CPU.ActiveCfg = Debug
		{73217B69-679E-4878-9D0B-C3913FB1AB1C}.Debug|Any CPU.Build.0 = Debug
		{73217B69-679E-4878-9D0B-C3913FB1AB1C}.Debug|x86.ActiveCfg = Debug
		{73217B69-679E-4878-9D0B-C3913FB1AB1C}.Release|Any CPU.ActiveCfg = Release
		{73217B69-679E-4878-9D0B-C3913FB1AB1C}.Release|Any CPU.Build.0 = Release
		{73217B69-679E-4878-9D0B-C3913FB1AB1C}.Release|x86.ActiveCfg = Release
		{A20E1F00-0E2C-4F9E-A6F8-C7A0EBCBCBA8}.Debug|Any CPU.ActiveCfg = Debug|Any CPU
		{A20E1F00-0E2C-4F9E-A6F8-C7A0EBCBCBA8}.Debug|Any CPU.Build.0 = Debug|Any CPU
		{A20E1F00-0E2C-4F9E-A6F8-C7A0EBCBCBA8}.Debug|x86.ActiveCfg = Debug|Any CPU
		{A20E1F00-0E2C-4F9E-A6F8-C7A0EBCBCBA8}.Debug|x86.Build.0 = Debug|Any CPU
		{A20E1F00-0E2C-4F9E-A6F8-C7A0EBCBCBA8}.Release|Any CPU.ActiveCfg = Release|Any CPU
		{A20E1F00-0E2C-4F9E-A6F8-C7A0EBCBCBA8}.Release|Any CPU.Build.0 = Release|Any CPU
		{A20E1F00-0E2C-4F9E-A6F8-C7A0EBCBCBA8}.Release|x86.ActiveCfg = Release|Any CPU
		{A20E1F00-0E2C-4F9E-A6F8-C7A0EBCBCBA8}.Release|x86.Build.0 = Release|Any CPU
	EndGlobalSection
	GlobalSection(SolutionProperties) = preSolution
		HideSolutionNode = FALSE
	EndGlobalSection
EndGlobal
